
Microsoft Visual Studio Solution File, Format Version 12.00
# Visual Studio Version 17
VisualStudioVersion = 17.5.33627.172
MinimumVisualStudioVersion = 10.0.40219.1
Project("{FAE04EC0-301F-11D3-BF4B-00C04F79EFBC}") = "Desafio 2", "Desafio 2\Desafio 2.csproj", "{9396056D-01FF-43CF-A110-8B7CF5AF4FB9}"
EndProject
Project("{FAE04EC0-301F-11D3-BF4B-00C04F79EFBC}") = "Desafio 3", "Desafio 3\Desafio 3.csproj", "{1AE572F8-8638-40A0-8DBC-9938E55DD5CC}"
EndProject
Project("{FAE04EC0-301F-11D3-BF4B-00C04F79EFBC}") = "Desafio 4", "Desafio 4\Desafio 4.csproj", "{D5D2A455-1305-42D8-B570-D4217E065ED1}"
EndProject
Project("{FAE04EC0-301F-11D3-BF4B-00C04F79EFBC}") = "Desafio 1", "Desafio 1\Desafio 1.csproj", "{2352BBFC-0306-4ABB-BA27-E500EC050D5A}"
EndProject
Global
	GlobalSection(SolutionConfigurationPlatforms) = preSolution
		Debug|Any CPU = Debug|Any CPU
		Release|Any CPU = Release|Any CPU
	EndGlobalSection
	GlobalSection(ProjectConfigurationPlatforms) = postSolution
		{9396056D-01FF-43CF-A110-8B7CF5AF4FB9}.Debug|Any CPU.ActiveCfg = Debug|Any CPU
		{9396056D-01FF-43CF-A110-8B7CF5AF4FB9}.Debug|Any CPU.Build.0 = Debug|Any CPU
		{9396056D-01FF-43CF-A110-8B7CF5AF4FB9}.Release|Any CPU.ActiveCfg = Release|Any CPU
		{9396056D-01FF-43CF-A110-8B7CF5AF4FB9}.Release|Any CPU.Build.0 = Release|Any CPU
		{1AE572F8-8638-40A0-8DBC-9938E55DD5CC}.Debug|Any CPU.ActiveCfg = Debug|Any CPU
		{1AE572F8-8638-40A0-8DBC-9938E55DD5CC}.Debug|Any CPU.Build.0 = Debug|Any CPU
		{1AE572F8-8638-40A0-8DBC-9938E55DD5CC}.Release|Any CPU.ActiveCfg = Release|Any CPU
		{1AE572F8-8638-40A0-8DBC-9938E55DD5CC}.Release|Any CPU.Build.0 = Release|Any CPU
		{D5D2A455-1305-42D8-B570-D4217E065ED1}.Debug|Any CPU.ActiveCfg = Debug|Any CPU
		{D5D2A455-1305-42D8-B570-D4217E065ED1}.Debug|Any CPU.Build.0 = Debug|Any CPU
		{D5D2A455-1305-42D8-B570-D4217E065ED1}.Release|Any CPU.ActiveCfg = Release|Any CPU
		{D5D2A455-1305-42D8-B570-D4217E065ED1}.Release|Any CPU.Build.0 = Release|Any CPU
		{2352BBFC-0306-4ABB-BA27-E500EC050D5A}.Debug|Any CPU.ActiveCfg = Debug|Any CPU
		{2352BBFC-0306-4ABB-BA27-E500EC050D5A}.Debug|Any CPU.Build.0 = Debug|Any CPU
		{2352BBFC-0306-4ABB-BA27-E500EC050D5A}.Release|Any CPU.ActiveCfg = Release|Any CPU
		{2352BBFC-0306-4ABB-BA27-E500EC050D5A}.Release|Any CPU.Build.0 = Release|Any CPU
	EndGlobalSection
	GlobalSection(SolutionProperties) = preSolution
		HideSolutionNode = FALSE
	EndGlobalSection
	GlobalSection(ExtensibilityGlobals) = postSolution
		SolutionGuid = {5DC2B66A-BE84-4B0C-B5AA-60B7A51BA927}
	EndGlobalSection
EndGlobal
